version: 2.0
shards:
  ameba:
    git: https://github.com/crystal-ameba/ameba.git
    version: 1.7.0

  backtracer:
    git: https://github.com/sija/backtracer.cr.git
    version: 1.2.4

  baked_file_system:
    git: https://github.com/ralsina/baked_file_system.git
    version: 0.10.0+git.commit.beb373124c7a235cfb9cd94e36849d8168eaa04b

  base58:
    git: https://github.com/crystal-china/base58.cr.git
    version: 0.1.0+git.commit.0e2c44d16a8098b00d8bf0b74add8bb9ea2f1c5f

  crimage:
    git: https://github.com/naqvis/crimage.git
    version: 1.0.5+git.commit.7d3244a3850646e3d398cef071f7c3e3f52c7518

  docopt:
    git: https://github.com/ralsina/docopt.cr.git
    version: 0.3.1

  docopt-config:
    git: https://github.com/ralsina/docopt-config.git
    version: 0.2.0

  exception_page:
    git: https://github.com/crystal-loot/exception_page.git
    version: 0.5.0

  hyphen:
    path: ./hyphen
    version: 0.1.0

  kemal:
    git: https://github.com/kemalcr/kemal.git
    version: 1.13.0

  markd:
    git: https://github.com/ralsina/markd.git
    version: 0.6.0+git.commit.490f0bc3129d1e625464b3f4da7336a2a978cffe

  radix:
    git: https://github.com/luislavena/radix.git
    version: 0.4.1

  sixteen:
    git: https://github.com/ralsina/sixteen.git
    version: 0.9.0

  tablo:
    git: https://github.com/hutou/tablo.git
    version: 1.1.0

  tartrazine:
    git: https://github.com/ralsina/tartrazine.git
    version: 0.22.0

  term-color:
    git: https://github.com/crystal-term/color.git
    version: 1.0.0

  term-screen:
    git: https://github.com/crystal-term/screen.git
    version: 1.0.0

  textseg:
    git: https://github.com/naqvis/uni_text_seg.git
    version: 0.1.3

  uniwidth:
    git: https://github.com/naqvis/uni_char_width.git
    version: 0.1.3

